
Microsoft Visual Studio Solution File, Format Version 12.00
# Visual Studio 15
VisualStudioVersion = 15.0.28010.2046
MinimumVisualStudioVersion = 10.0.40219.1
Project("{FAE04EC0-301F-11D3-BF4B-00C04F79EFBC}") = "EquazioniLibray", "EquazioniLibray\EquazioniLibray.csproj", "{DC37954A-24F3-4570-ACF5-CCB7291868D1}"
EndProject
Project("{FAE04EC0-301F-11D3-BF4B-00C04F79EFBC}") = "CalcoliCombinatori.Test", "CalcoliCombinatori.Test\CalcoliCombinatori.Test.csproj", "{500E0E8C-EE58-4D1E-BF5B-3DD9C6613E22}"
EndProject
Global
	GlobalSection(SolutionConfigurationPlatforms) = preSolution
		Debug|Any CPU = Debug|Any CPU
		Release|Any CPU = Release|Any CPU
	EndGlobalSection
	GlobalSection(ProjectConfigurationPlatforms) = postSolution
		{DC37954A-24F3-4570-ACF5-CCB7291868D1}.Debug|Any CPU.ActiveCfg = Debug|Any CPU
		{DC37954A-24F3-4570-ACF5-CCB7291868D1}.Debug|Any CPU.Build.0 = Debug|Any CPU
		{DC37954A-24F3-4570-ACF5-CCB7291868D1}.Release|Any CPU.ActiveCfg = Release|Any CPU
		{DC37954A-24F3-4570-ACF5-CCB7291868D1}.Release|Any CPU.Build.0 = Release|Any CPU
		{500E0E8C-EE58-4D1E-BF5B-3DD9C6613E22}.Debug|Any CPU.ActiveCfg = Debug|Any CPU
		{500E0E8C-EE58-4D1E-BF5B-3DD9C6613E22}.Debug|Any CPU.Build.0 = Debug|Any CPU
		{500E0E8C-EE58-4D1E-BF5B-3DD9C6613E22}.Release|Any CPU.ActiveCfg = Release|Any CPU
		{500E0E8C-EE58-4D1E-BF5B-3DD9C6613E22}.Release|Any CPU.Build.0 = Release|Any CPU
	EndGlobalSection
	GlobalSection(SolutionProperties) = preSolution
		HideSolutionNode = FALSE
	EndGlobalSection
	GlobalSection(ExtensibilityGlobals) = postSolution
		SolutionGuid = {191CCB46-F3E7-4228-B795-45F7B938A7FB}
	EndGlobalSection
EndGlobal
